
Microsoft Visual Studio Solution File, Format Version 12.00
# Visual Studio Version 17
VisualStudioVersion = 17.14.37111.16 d17.14
MinimumVisualStudioVersion = 10.0.40219.1
Project("{FAE04EC0-301F-11D3-BF4B-00C04F79EFBC}") = "EducationSystem", "EducationSystem\EducationSystem.csproj", "{755AB32F-9A7D-46F4-87AE-E2CFFEB3A309}"
EndProject
Global
	GlobalSection(SolutionConfigurationPlatforms) = preSolution
		Debug|Any CPU = Debug|Any CPU
		Release|Any CPU = Release|Any CPU
	EndGlobalSection
	GlobalSection(ProjectConfigurationPlatforms) = postSolution
		{755AB32F-9A7D-46F4-87AE-E2CFFEB3A309}.Debug|Any CPU.ActiveCfg = Debug|Any CPU
		{755AB32F-9A7D-46F4-87AE-E2CFFEB3A309}.Debug|Any CPU.Build.0 = Debug|Any CPU
		{755AB32F-9A7D-46F4-87AE-E2CFFEB3A309}.Release|Any CPU.ActiveCfg = Release|Any CPU
		{755AB32F-9A7D-46F4-87AE-E2CFFEB3A309}.Release|Any CPU.Build.0 = Release|Any CPU
	EndGlobalSection
	GlobalSection(SolutionProperties) = preSolution
		HideSolutionNode = FALSE
	EndGlobalSection
	GlobalSection(ExtensibilityGlobals) = postSolution
		SolutionGuid = {A5013964-E008-4479-9873-26D6EE638EA2}
	EndGlobalSection
EndGlobal
